
Microsoft Visual Studio Solution File, Format Version 12.00
# Visual Studio Version 16
VisualStudioVersion = 16.0.31605.320
MinimumVisualStudioVersion = 10.0.40219.1
Project("{FAE04EC0-301F-11D3-BF4B-00C04F79EFBC}") = "LinkListLibrary_OTech", "LinkListLibrary_OTech.csproj", "{0489A805-66AB-4265-8349-A7C535039E46}"
EndProject
Global
	GlobalSection(SolutionConfigurationPlatforms) = preSolution
		Debug|Any CPU = Debug|Any CPU
		Release|Any CPU = Release|Any CPU
	EndGlobalSection
	GlobalSection(ProjectConfigurationPlatforms) = postSolution
		{0489A805-66AB-4265-8349-A7C535039E46}.Debug|Any CPU.ActiveCfg = Debug|Any CPU
		{0489A805-66AB-4265-8349-A7C535039E46}.Debug|Any CPU.Build.0 = Debug|Any CPU
		{0489A805-66AB-4265-8349-A7C535039E46}.Release|Any CPU.ActiveCfg = Release|Any CPU
		{0489A805-66AB-4265-8349-A7C535039E46}.Release|Any CPU.Build.0 = Release|Any CPU
	EndGlobalSection
	GlobalSection(SolutionProperties) = preSolution
		HideSolutionNode = FALSE
	EndGlobalSection
	GlobalSection(ExtensibilityGlobals) = postSolution
		SolutionGuid = {742C98A8-F562-4EFA-B336-13942BE1C249}
	EndGlobalSection
EndGlobal
